<?xml version="1.0" encoding="utf-8"?>
<Project ToolsVersion="4.0" xmlns="http://schemas.microsoft.com/developer/msbuild/2003">
  <ItemGroup>
    <Filter Include="Source Files">
      <UniqueIdentifier>{4FC737F1-C7A5-4376-A066-2A32D752A2FF}</UniqueIdentifier>
      <Extensions>cpp;c;cc;cxx;c++;cppm;ixx;def;odl;idl;hpj;bat;asm;asmx</Extensions>
    </Filter>
    <Filter Include="Header Files">
      <UniqueIdentifier>{93995380-89BD-4b04-88EB-625FBE52EBFB}</UniqueIdentifier>
      <Extensions>h;hh;hpp;hxx;h++;hm;inl;inc;ipp;xsd</Extensions>
    </Filter>
    <Filter Include="Resource Files">
      <UniqueIdentifier>{67DA6AB6-F800-4c08-8B7A-83BB121AAD01}</UniqueIdentifier>
      <Extensions>rc;ico;cur;bmp;dlg;rc2;rct;bin;rgs;gif;jpg;jpeg;jpe;resx;tiff;tif;png;wav;mfcribbon-ms</Extensions>
    </Filter>
    <Filter Include="imgui">
      <UniqueIdentifier>{9334e9ae-5b34-4f6b-b0d3-840a8803bc17}</UniqueIdentifier>
    </Filter>
    <Filter Include="Header Files\EventSystem">
      <UniqueIdentifier>{3e269a3b-16fa-4299-8b4a-da17ee0d9c19}</UniqueIdentifier>
    </Filter>
    <Filter Include="Header Files\Surfaces">
      <UniqueIdentifier>{1ac6841f-b805-4d58-934d-513b987a56d1}</UniqueIdentifier>
    </Filter>
    <Filter Include="Source Files\Surfaces">
      <UniqueIdentifier>{2f8d532e-1e91-4ffa-b4f5-6cfedf5242d2}</UniqueIdentifier>
    </Filter>
    <Filter Include="Header Files\Materials">
      <UniqueIdentifier>{58e9d5ad-5183-4ee3-83d0-a3d8baf2299b}</UniqueIdentifier>
    </Filter>
    <Filter Include="Source Files\PRNG">
      <UniqueIdentifier>{12dfbb7b-2a98-4099-a8a2-aac1f07a3765}</UniqueIdentifier>
    </Filter>
    <Filter Include="Header Files\PRNG">
      <UniqueIdentifier>{6b80af76-c1b2-4383-ba49-84200f089819}</UniqueIdentifier>
    </Filter>
  </ItemGroup>
  <ItemGroup>
    <ClCompile Include="main.cpp">
      <Filter>Source Files</Filter>
    </ClCompile>
    <ClCompile Include="imgui\imgui.cpp">
      <Filter>imgui</Filter>
    </ClCompile>
    <ClCompile Include="imgui\imgui_draw.cpp">
      <Filter>imgui</Filter>
    </ClCompile>
    <ClCompile Include="imgui\imgui_impl_glfw.cpp">
      <Filter>imgui</Filter>
    </ClCompile>
    <ClCompile Include="imgui\imgui_impl_opengl3.cpp">
      <Filter>imgui</Filter>
    </ClCompile>
    <ClCompile Include="imgui\imgui_tables.cpp">
      <Filter>imgui</Filter>
    </ClCompile>
    <ClCompile Include="imgui\imgui_widgets.cpp">
      <Filter>imgui</Filter>
    </ClCompile>
    <ClCompile Include="App.cpp">
      <Filter>Source Files</Filter>
    </ClCompile>
    <ClCompile Include="glad.c">
      <Filter>Source Files</Filter>
    </ClCompile>
    <ClCompile Include="Camera.cpp">
      <Filter>Source Files</Filter>
    </ClCompile>
    <ClCompile Include="Window.cpp">
      <Filter>Source Files</Filter>
    </ClCompile>
    <ClCompile Include="UserInterface.cpp">
      <Filter>Source Files</Filter>
    </ClCompile>
    <ClCompile Include="PathTracer.cpp">
      <Filter>Source Files</Filter>
    </ClCompile>
    <ClCompile Include="KeyHandler.cpp">
      <Filter>Source Files</Filter>
    </ClCompile>
    <ClCompile Include="Sphere.cpp">
      <Filter>Source Files\Surfaces</Filter>
    </ClCompile>
    <ClCompile Include="Box.cpp">
      <Filter>Source Files\Surfaces</Filter>
    </ClCompile>
    <ClCompile Include="xoshiro.cpp">
      <Filter>Source Files\PRNG</Filter>
    </ClCompile>
  </ItemGroup>
  <ItemGroup>
    <ClInclude Include="App.h">
      <Filter>Header Files</Filter>
    </ClInclude>
    <ClInclude Include="Camera.h">
      <Filter>Header Files</Filter>
    </ClInclude>
    <ClInclude Include="Window.h">
      <Filter>Header Files</Filter>
    </ClInclude>
    <ClInclude Include="UserInterface.h">
      <Filter>Header Files</Filter>
    </ClInclude>
    <ClInclude Include="PathTracer.h">
      <Filter>Header Files</Filter>
    </ClInclude>
    <ClInclude Include="ViewPortData.h">
      <Filter>Header Files</Filter>
    </ClInclude>
    <ClInclude Include="Ray.h">
      <Filter>Header Files</Filter>
    </ClInclude>
    <ClInclude Include="Scene.h">
      <Filter>Header Files</Filter>
    </ClInclude>
    <ClInclude Include="KeyHandler.h">
      <Filter>Header Files</Filter>
    </ClInclude>
    <ClInclude Include="Surface.h">
      <Filter>Header Files\Surfaces</Filter>
    </ClInclude>
    <ClInclude Include="Sphere.h">
      <Filter>Header Files\Surfaces</Filter>
    </ClInclude>
    <ClInclude Include="Box.h">
      <Filter>Header Files\Surfaces</Filter>
    </ClInclude>
    <ClInclude Include="Material.h">
      <Filter>Header Files\Materials</Filter>
    </ClInclude>
    <ClInclude Include="Lambertian.h">
      <Filter>Header Files\Materials</Filter>
    </ClInclude>
    <ClInclude Include="Dialectric.h">
      <Filter>Header Files\Materials</Filter>
    </ClInclude>
    <ClInclude Include="Metallic.h">
      <Filter>Header Files\Materials</Filter>
    </ClInclude>
    <ClInclude Include="xoshiro.h">
      <Filter>Header Files\PRNG</Filter>
    </ClInclude>
    <ClInclude Include="shishua.h">
      <Filter>Header Files\PRNG</Filter>
    </ClInclude>
    <ClInclude Include="shishua-half-sse2.h">
      <Filter>Header Files\PRNG</Filter>
    </ClInclude>
    <ClInclude Include="shishua-sse2.h">
      <Filter>Header Files\PRNG</Filter>
    </ClInclude>
    <ClInclude Include="shishua-avx2.h">
      <Filter>Header Files\PRNG</Filter>
    </ClInclude>
  </ItemGroup>
</Project>